
Microsoft Visual Studio Solution File, Format Version 12.00
# Visual Studio Version 17
VisualStudioVersion = 17.0.31903.59
MinimumVisualStudioVersion = 10.0.40219.1
Project("{2150E333-8FDC-42A3-9474-1A3956D46DE8}") = "Éléments de solution", "Éléments de solution", "{FDF75E56-F672-42CC-A8A7-DF1622D28C3D}"
	ProjectSection(SolutionItems) = preProject
		.gitignore = .gitignore
	EndProjectSection
EndProject
Project("{FAE04EC0-301F-11D3-BF4B-00C04F79EFBC}") = "RpgApp.Api", "RpgApp.Api\RpgApp.Api.csproj", "{50378B9A-D134-4EE8-86B5-93D636E1C642}"
EndProject
Global
	GlobalSection(SolutionConfigurationPlatforms) = preSolution
		Debug|Any CPU = Debug|Any CPU
		Release|Any CPU = Release|Any CPU
	EndGlobalSection
	GlobalSection(ProjectConfigurationPlatforms) = postSolution
		{50378B9A-D134-4EE8-86B5-93D636E1C642}.Debug|Any CPU.ActiveCfg = Debug|Any CPU
		{50378B9A-D134-4EE8-86B5-93D636E1C642}.Debug|Any CPU.Build.0 = Debug|Any CPU
		{50378B9A-D134-4EE8-86B5-93D636E1C642}.Release|Any CPU.ActiveCfg = Release|Any CPU
		{50378B9A-D134-4EE8-86B5-93D636E1C642}.Release|Any CPU.Build.0 = Release|Any CPU
	EndGlobalSection
	GlobalSection(SolutionProperties) = preSolution
		HideSolutionNode = FALSE
	EndGlobalSection
	GlobalSection(ExtensibilityGlobals) = postSolution
		SolutionGuid = {76090649-31FB-4DF3-B7C9-3E3FC14F3C84}
	EndGlobalSection
EndGlobal
